// !$*UTF8*$!
{
	archiveVersion = 1;
	classes = {
	};
	objectVersion = 51;
	objects = {

/* Begin PBXBuildFile section */
		244F3897810B35DD81FBF6DF /* Pods_WeatherBoy.framework in Frameworks */ = {isa = PBXBuildFile; fileRef = C90DABEB8F6DF9365DF42E7C /* Pods_WeatherBoy.framework */; };
		9203506325DB73CE0050563E /* WeatherModels.swift in Sources */ = {isa = PBXBuildFile; fileRef = 9203506225DB73CE0050563E /* WeatherModels.swift */; };
		9203506525DC52A90050563E /* CurrentWeatherInfo.swift in Sources */ = {isa = PBXBuildFile; fileRef = 9203506425DC52A90050563E /* CurrentWeatherInfo.swift */; };
		922570D625D997EC00367D6C /* AppDelegate.swift in Sources */ = {isa = PBXBuildFile; fileRef = 922570D525D997EC00367D6C /* AppDelegate.swift */; };
		922570D825D997EC00367D6C /* SceneDelegate.swift in Sources */ = {isa = PBXBuildFile; fileRef = 922570D725D997EC00367D6C /* SceneDelegate.swift */; };
		922570DA25D997ED00367D6C /* ContentView.swift in Sources */ = {isa = PBXBuildFile; fileRef = 922570D925D997ED00367D6C /* ContentView.swift */; };
		922570DC25D997ED00367D6C /* Assets.xcassets in Resources */ = {isa = PBXBuildFile; fileRef = 922570DB25D997ED00367D6C /* Assets.xcassets */; };
		922570DF25D997ED00367D6C /* Preview Assets.xcassets in Resources */ = {isa = PBXBuildFile; fileRef = 922570DE25D997ED00367D6C /* Preview Assets.xcassets */; };
		922570E225D997ED00367D6C /* LaunchScreen.storyboard in Resources */ = {isa = PBXBuildFile; fileRef = 922570E025D997ED00367D6C /* LaunchScreen.storyboard */; };
		922570EC25D9B4F100367D6C /* LocationModel.swift in Sources */ = {isa = PBXBuildFile; fileRef = 922570EB25D9B4F100367D6C /* LocationModel.swift */; };
		922570EF25D9DCEA00367D6C /* Constants.swift in Sources */ = {isa = PBXBuildFile; fileRef = 922570EE25D9DCEA00367D6C /* Constants.swift */; };
/* End PBXBuildFile section */

/* Begin PBXFileReference section */
		29D857F1F04422730F45BAD7 /* Pods-WeatherBoy.release.xcconfig */ = {isa = PBXFileReference; includeInIndex = 1; lastKnownFileType = text.xcconfig; name = "Pods-WeatherBoy.release.xcconfig"; path = "Target Support Files/Pods-WeatherBoy/Pods-WeatherBoy.release.xcconfig"; sourceTree = "<group>"; };
		9203506225DB73CE0050563E /* WeatherModels.swift */ = {isa = PBXFileReference; lastKnownFileType = sourcecode.swift; path = WeatherModels.swift; sourceTree = "<group>"; };
		9203506425DC52A90050563E /* CurrentWeatherInfo.swift */ = {isa = PBXFileReference; lastKnownFileType = sourcecode.swift; path = CurrentWeatherInfo.swift; sourceTree = "<group>"; };
		922570D225D997EC00367D6C /* WeatherBoy.app */ = {isa = PBXFileReference; explicitFileType = wrapper.application; includeInIndex = 0; path = WeatherBoy.app; sourceTree = BUILT_PRODUCTS_DIR; };
		922570D525D997EC00367D6C /* AppDelegate.swift */ = {isa = PBXFileReference; lastKnownFileType = sourcecode.swift; path = AppDelegate.swift; sourceTree = "<group>"; };
		922570D725D997EC00367D6C /* SceneDelegate.swift */ = {isa = PBXFileReference; lastKnownFileType = sourcecode.swift; path = SceneDelegate.swift; sourceTree = "<group>"; };
		922570D925D997ED00367D6C /* ContentView.swift */ = {isa = PBXFileReference; lastKnownFileType = sourcecode.swift; path = ContentView.swift; sourceTree = "<group>"; };
		922570DB25D997ED00367D6C /* Assets.xcassets */ = {isa = PBXFileReference; lastKnownFileType = folder.assetcatalog; path = Assets.xcassets; sourceTree = "<group>"; };
		922570DE25D997ED00367D6C /* Preview Assets.xcassets */ = {isa = PBXFileReference; lastKnownFileType = folder.assetcatalog; path = "Preview Assets.xcassets"; sourceTree = "<group>"; };
		922570E125D997ED00367D6C /* Base */ = {isa = PBXFileReference; lastKnownFileType = file.storyboard; name = Base; path = Base.lproj/LaunchScreen.storyboard; sourceTree = "<group>"; };
		922570E325D997ED00367D6C /* Info.plist */ = {isa = PBXFileReference; lastKnownFileType = text.plist.xml; path = Info.plist; sourceTree = "<group>"; };
		922570EB25D9B4F100367D6C /* LocationModel.swift */ = {isa = PBXFileReference; lastKnownFileType = sourcecode.swift; path = LocationModel.swift; sourceTree = "<group>"; };
		922570EE25D9DCEA00367D6C /* Constants.swift */ = {isa = PBXFileReference; lastKnownFileType = sourcecode.swift; path = Constants.swift; sourceTree = "<group>"; };
		B92A58D0393B70F2C1606B81 /* Pods-WeatherBoy.debug.xcconfig */ = {isa = PBXFileReference; includeInIndex = 1; lastKnownFileType = text.xcconfig; name = "Pods-WeatherBoy.debug.xcconfig"; path = "Target Support Files/Pods-WeatherBoy/Pods-WeatherBoy.debug.xcconfig"; sourceTree = "<group>"; };
		C90DABEB8F6DF9365DF42E7C /* Pods_WeatherBoy.framework */ = {isa = PBXFileReference; explicitFileType = wrapper.framework; includeInIndex = 0; path = Pods_WeatherBoy.framework; sourceTree = BUILT_PRODUCTS_DIR; };
/* End PBXFileReference section */

/* Begin PBXFrameworksBuildPhase section */
		922570CF25D997EC00367D6C /* Frameworks */ = {
			isa = PBXFrameworksBuildPhase;
			buildActionMask = 2147483647;
			files = (
				244F3897810B35DD81FBF6DF /* Pods_WeatherBoy.framework in Frameworks */,
			);
			runOnlyForDeploymentPostprocessing = 0;
		};
/* End PBXFrameworksBuildPhase section */

/* Begin PBXGroup section */
		922570C925D997EC00367D6C = {
			isa = PBXGroup;
			children = (
				922570D425D997EC00367D6C /* WeatherBoy */,
				922570D325D997EC00367D6C /* Products */,
				E9C591F1EE3B6CB3A72C7BDE /* Pods */,
				BE49BF46D7CDA373D4E19703 /* Frameworks */,
			);
			sourceTree = "<group>";
		};
		922570D325D997EC00367D6C /* Products */ = {
			isa = PBXGroup;
			children = (
				922570D225D997EC00367D6C /* WeatherBoy.app */,
			);
			name = Products;
			sourceTree = "<group>";
		};
		922570D425D997EC00367D6C /* WeatherBoy */ = {
			isa = PBXGroup;
			children = (
				922570ED25D9DCDA00367D6C /* Utilities */,
				922570EA25D9B45F00367D6C /* Models */,
				922570E925D9B45100367D6C /* Views */,
				922570D525D997EC00367D6C /* AppDelegate.swift */,
				922570D725D997EC00367D6C /* SceneDelegate.swift */,
				922570DB25D997ED00367D6C /* Assets.xcassets */,
				922570E025D997ED00367D6C /* LaunchScreen.storyboard */,
				922570E325D997ED00367D6C /* Info.plist */,
				922570DD25D997ED00367D6C /* Preview Content */,
			);
			path = WeatherBoy;
			sourceTree = "<group>";
		};
		922570DD25D997ED00367D6C /* Preview Content */ = {
			isa = PBXGroup;
			children = (
				922570DE25D997ED00367D6C /* Preview Assets.xcassets */,
			);
			path = "Preview Content";
			sourceTree = "<group>";
		};
		922570E925D9B45100367D6C /* Views */ = {
			isa = PBXGroup;
			children = (
				922570D925D997ED00367D6C /* ContentView.swift */,
			);
			path = Views;
			sourceTree = "<group>";
		};
		922570EA25D9B45F00367D6C /* Models */ = {
			isa = PBXGroup;
			children = (
				922570EB25D9B4F100367D6C /* LocationModel.swift */,
				9203506225DB73CE0050563E /* WeatherModels.swift */,
				9203506425DC52A90050563E /* CurrentWeatherInfo.swift */,
			);
			path = Models;
			sourceTree = "<group>";
		};
		922570ED25D9DCDA00367D6C /* Utilities */ = {
			isa = PBXGroup;
			children = (
				922570EE25D9DCEA00367D6C /* Constants.swift */,
			);
			path = Utilities;
			sourceTree = "<group>";
		};
		BE49BF46D7CDA373D4E19703 /* Frameworks */ = {
			isa = PBXGroup;
			children = (
				C90DABEB8F6DF9365DF42E7C /* Pods_WeatherBoy.framework */,
			);
			name = Frameworks;
			sourceTree = "<group>";
		};
		E9C591F1EE3B6CB3A72C7BDE /* Pods */ = {
			isa = PBXGroup;
			children = (
				B92A58D0393B70F2C1606B81 /* Pods-WeatherBoy.debug.xcconfig */,
				29D857F1F04422730F45BAD7 /* Pods-WeatherBoy.release.xcconfig */,
			);
			path = Pods;
			sourceTree = "<group>";
		};
/* End PBXGroup section */

/* Begin PBXNativeTarget section */
		922570D125D997EC00367D6C /* WeatherBoy */ = {
			isa = PBXNativeTarget;
			buildConfigurationList = 922570E625D997ED00367D6C /* Build configuration list for PBXNativeTarget "WeatherBoy" */;
			buildPhases = (
				A6613C1F7B81D77A495E9AC8 /* [CP] Check Pods Manifest.lock */,
				922570CE25D997EC00367D6C /* Sources */,
				922570CF25D997EC00367D6C /* Frameworks */,
				922570D025D997EC00367D6C /* Resources */,
				7FAADAD487B017CF0D3D9D87 /* [CP] Embed Pods Frameworks */,
			);
			buildRules = (
			);
			dependencies = (
			);
			name = WeatherBoy;
			productName = WeatherBoy;
			productReference = 922570D225D997EC00367D6C /* WeatherBoy.app */;
			productType = "com.apple.product-type.application";
		};
/* End PBXNativeTarget section */

/* Begin PBXProject section */
		922570CA25D997EC00367D6C /* Project object */ = {
			isa = PBXProject;
			attributes = {
				LastSwiftUpdateCheck = 1170;
				LastUpgradeCheck = 1170;
				ORGANIZATIONNAME = "Jerry Lai";
				TargetAttributes = {
					922570D125D997EC00367D6C = {
						CreatedOnToolsVersion = 11.7;
					};
				};
			};
			buildConfigurationList = 922570CD25D997EC00367D6C /* Build configuration list for PBXProject "WeatherBoy" */;
			compatibilityVersion = "Xcode 9.3";
			developmentRegion = en;
			hasScannedForEncodings = 0;
			knownRegions = (
				en,
				Base,
			);
			mainGroup = 922570C925D997EC00367D6C;
			productRefGroup = 922570D325D997EC00367D6C /* Products */;
			projectDirPath = "";
			projectRoot = "";
			targets = (
				922570D125D997EC00367D6C /* WeatherBoy */,
			);
		};
/* End PBXProject section */

/* Begin PBXResourcesBuildPhase section */
		922570D025D997EC00367D6C /* Resources */ = {
			isa = PBXResourcesBuildPhase;
			buildActionMask = 2147483647;
			files = (
				922570E225D997ED00367D6C /* LaunchScreen.storyboard in Resources */,
				922570DF25D997ED00367D6C /* Preview Assets.xcassets in Resources */,
				922570DC25D997ED00367D6C /* Assets.xcassets in Resources */,
			);
			runOnlyForDeploymentPostprocessing = 0;
		};
/* End PBXResourcesBuildPhase section */

/* Begin PBXShellScriptBuildPhase section */
		7FAADAD487B017CF0D3D9D87 /* [CP] Embed Pods Frameworks */ = {
			isa = PBXShellScriptBuildPhase;
			buildActionMask = 2147483647;
			files = (
			);
			inputFileListPaths = (
				"${PODS_ROOT}/Target Support Files/Pods-WeatherBoy/Pods-WeatherBoy-frameworks-${CONFIGURATION}-input-files.xcfilelist",
			);
			name = "[CP] Embed Pods Frameworks";
			outputFileListPaths = (
				"${PODS_ROOT}/Target Support Files/Pods-WeatherBoy/Pods-WeatherBoy-frameworks-${CONFIGURATION}-output-files.xcfilelist",
			);
			runOnlyForDeploymentPostprocessing = 0;
			shellPath = /bin/sh;
			shellScript = "\"${PODS_ROOT}/Target Support Files/Pods-WeatherBoy/Pods-WeatherBoy-frameworks.sh\"\n";
			showEnvVarsInLog = 0;
		};
		A6613C1F7B81D77A495E9AC8 /* [CP] Check Pods Manifest.lock */ = {
			isa = PBXShellScriptBuildPhase;
			buildActionMask = 2147483647;
			files = (
			);
			inputFileListPaths = (
			);
			inputPaths = (
				"${PODS_PODFILE_DIR_PATH}/Podfile.lock",
				"${PODS_ROOT}/Manifest.lock",
			);
			name = "[CP] Check Pods Manifest.lock";
			outputFileListPaths = (
			);
			outputPaths = (
				"$(DERIVED_FILE_DIR)/Pods-WeatherBoy-checkManifestLockResult.txt",
			);
			runOnlyForDeploymentPostprocessing = 0;
			shellPath = /bin/sh;
			shellScript = "diff \"${PODS_PODFILE_DIR_PATH}/Podfile.lock\" \"${PODS_ROOT}/Manifest.lock\" > /dev/null\nif [ $? != 0 ] ; then\n    # print error to STDERR\n    echo \"error: The sandbox is not in sync with the Podfile.lock. Run 'pod install' or update your CocoaPods installation.\" >&2\n    exit 1\nfi\n# This output is used by Xcode 'outputs' to avoid re-running this script phase.\necho \"SUCCESS\" > \"${SCRIPT_OUTPUT_FILE_0}\"\n";
			showEnvVarsInLog = 0;
		};
/* End PBXShellScriptBuildPhase section */

/* Begin PBXSourcesBuildPhase section */
		922570CE25D997EC00367D6C /* Sources */ = {
			isa = PBXSourcesBuildPhase;
			buildActionMask = 2147483647;
			files = (
				922570EC25D9B4F100367D6C /* LocationModel.swift in Sources */,
				922570D625D997EC00367D6C /* AppDelegate.swift in Sources */,
				922570EF25D9DCEA00367D6C /* Constants.swift in Sources */,
				922570D825D997EC00367D6C /* SceneDelegate.swift in Sources */,
				9203506525DC52A90050563E /* CurrentWeatherInfo.swift in Sources */,
				9203506325DB73CE0050563E /* WeatherModels.swift in Sources */,
				922570DA25D997ED00367D6C /* ContentView.swift in Sources */,
			);
			runOnlyForDeploymentPostprocessing = 0;
		};
/* End PBXSourcesBuildPhase section */

/* Begin PBXVariantGroup section */
		922570E025D997ED00367D6C /* LaunchScreen.storyboard */ = {
			isa = PBXVariantGroup;
			children = (
				922570E125D997ED00367D6C /* Base */,
			);
			name = LaunchScreen.storyboard;
			sourceTree = "<group>";
		};
/* End PBXVariantGroup section */

/* Begin XCBuildConfiguration section */
		922570E425D997ED00367D6C /* Debug */ = {
			isa = XCBuildConfiguration;
			buildSettings = {
				ALWAYS_SEARCH_USER_PATHS = NO;
				CLANG_ANALYZER_NONNULL = YES;
				CLANG_ANALYZER_NUMBER_OBJECT_CONVERSION = YES_AGGRESSIVE;
				CLANG_CXX_LANGUAGE_STANDARD = "gnu++14";
				CLANG_CXX_LIBRARY = "libc++";
				CLANG_ENABLE_MODULES = YES;
				CLANG_ENABLE_OBJC_ARC = YES;
				CLANG_ENABLE_OBJC_WEAK = YES;
				CLANG_WARN_BLOCK_CAPTURE_AUTORELEASING = YES;
				CLANG_WARN_BOOL_CONVERSION = YES;
				CLANG_WARN_COMMA = YES;
				CLANG_WARN_CONSTANT_CONVERSION = YES;
				CLANG_WARN_DEPRECATED_OBJC_IMPLEMENTATIONS = YES;
				CLANG_WARN_DIRECT_OBJC_ISA_USAGE = YES_ERROR;
				CLANG_WARN_DOCUMENTATION_COMMENTS = YES;
				CLANG_WARN_EMPTY_BODY = YES;
				CLANG_WARN_ENUM_CONVERSION = YES;
				CLANG_WARN_INFINITE_RECURSION = YES;
				CLANG_WARN_INT_CONVERSION = YES;
				CLANG_WARN_NON_LITERAL_NULL_CONVERSION = YES;
				CLANG_WARN_OBJC_IMPLICIT_RETAIN_SELF = YES;
				CLANG_WARN_OBJC_LITERAL_CONVERSION = YES;
				CLANG_WARN_OBJC_ROOT_CLASS = YES_ERROR;
				CLANG_WARN_RANGE_LOOP_ANALYSIS = YES;
				CLANG_WARN_STRICT_PROTOTYPES = YES;
				CLANG_WARN_SUSPICIOUS_MOVE = YES;
				CLANG_WARN_UNGUARDED_AVAILABILITY = YES_AGGRESSIVE;
				CLANG_WARN_UNREACHABLE_CODE = YES;
				CLANG_WARN__DUPLICATE_METHOD_MATCH = YES;
				COPY_PHASE_STRIP = NO;
				DEBUG_INFORMATION_FORMAT = dwarf;
				ENABLE_STRICT_OBJC_MSGSEND = YES;
				ENABLE_TESTABILITY = YES;
				GCC_C_LANGUAGE_STANDARD = gnu11;
				GCC_DYNAMIC_NO_PIC = NO;
				GCC_NO_COMMON_BLOCKS = YES;
				GCC_OPTIMIZATION_LEVEL = 0;
				GCC_PREPROCESSOR_DEFINITIONS = (
					"DEBUG=1",
					"$(inherited)",
				);
				GCC_WARN_64_TO_32_BIT_CONVERSION = YES;
				GCC_WARN_ABOUT_RETURN_TYPE = YES_ERROR;
				GCC_WARN_UNDECLARED_SELECTOR = YES;
				GCC_WARN_UNINITIALIZED_AUTOS = YES_AGGRESSIVE;
				GCC_WARN_UNUSED_FUNCTION = YES;
				GCC_WARN_UNUSED_VARIABLE = YES;
				IPHONEOS_DEPLOYMENT_TARGET = 13.7;
				MTL_ENABLE_DEBUG_INFO = INCLUDE_SOURCE;
				MTL_FAST_MATH = YES;
				ONLY_ACTIVE_ARCH = YES;
				SDKROOT = iphoneos;
				SWIFT_ACTIVE_COMPILATION_CONDITIONS = DEBUG;
				SWIFT_OPTIMIZATION_LEVEL = "-Onone";
			};
			name = Debug;
		};
		922570E525D997ED00367D6C /* Release */ = {
			isa = XCBuildConfiguration;
			buildSettings = {
				ALWAYS_SEARCH_USER_PATHS = NO;
				CLANG_ANALYZER_NONNULL = YES;
				CLANG_ANALYZER_NUMBER_OBJECT_CONVERSION = YES_AGGRESSIVE;
				CLANG_CXX_LANGUAGE_STANDARD = "gnu++14";
				CLANG_CXX_LIBRARY = "libc++";
				CLANG_ENABLE_MODULES = YES;
				CLANG_ENABLE_OBJC_ARC = YES;
				CLANG_ENABLE_OBJC_WEAK = YES;
				CLANG_WARN_BLOCK_CAPTURE_AUTORELEASING = YES;
				CLANG_WARN_BOOL_CONVERSION = YES;
				CLANG_WARN_COMMA = YES;
				CLANG_WARN_CONSTANT_CONVERSION = YES;
				CLANG_WARN_DEPRECATED_OBJC_IMPLEMENTATIONS = YES;
				CLANG_WARN_DIRECT_OBJC_ISA_USAGE = YES_ERROR;
				CLANG_WARN_DOCUMENTATION_COMMENTS = YES;
				CLANG_WARN_EMPTY_BODY = YES;
				CLANG_WARN_ENUM_CONVERSION = YES;
				CLANG_WARN_INFINITE_RECURSION = YES;
				CLANG_WARN_INT_CONVERSION = YES;
				CLANG_WARN_NON_LITERAL_NULL_CONVERSION = YES;
				CLANG_WARN_OBJC_IMPLICIT_RETAIN_SELF = YES;
				CLANG_WARN_OBJC_LITERAL_CONVERSION = YES;
				CLANG_WARN_OBJC_ROOT_CLASS = YES_ERROR;
				CLANG_WARN_RANGE_LOOP_ANALYSIS = YES;
				CLANG_WARN_STRICT_PROTOTYPES = YES;
				CLANG_WARN_SUSPICIOUS_MOVE = YES;
				CLANG_WARN_UNGUARDED_AVAILABILITY = YES_AGGRESSIVE;
				CLANG_WARN_UNREACHABLE_CODE = YES;
				CLANG_WARN__DUPLICATE_METHOD_MATCH = YES;
				COPY_PHASE_STRIP = NO;
				DEBUG_INFORMATION_FORMAT = "dwarf-with-dsym";
				ENABLE_NS_ASSERTIONS = NO;
				ENABLE_STRICT_OBJC_MSGSEND = YES;
				GCC_C_LANGUAGE_STANDARD = gnu11;
				GCC_NO_COMMON_BLOCKS = YES;
				GCC_WARN_64_TO_32_BIT_CONVERSION = YES;
				GCC_WARN_ABOUT_RETURN_TYPE = YES_ERROR;
				GCC_WARN_UNDECLARED_SELECTOR = YES;
				GCC_WARN_UNINITIALIZED_AUTOS = YES_AGGRESSIVE;
				GCC_WARN_UNUSED_FUNCTION = YES;
				GCC_WARN_UNUSED_VARIABLE = YES;
				IPHONEOS_DEPLOYMENT_TARGET = 13.7;
				MTL_ENABLE_DEBUG_INFO = NO;
				MTL_FAST_MATH = YES;
				SDKROOT = iphoneos;
				SWIFT_COMPILATION_MODE = wholemodule;
				SWIFT_OPTIMIZATION_LEVEL = "-O";
				VALIDATE_PRODUCT = YES;
			};
			name = Release;
		};
		922570E725D997ED00367D6C /* Debug */ = {
			isa = XCBuildConfiguration;
			baseConfigurationReference = B92A58D0393B70F2C1606B81 /* Pods-WeatherBoy.debug.xcconfig */;
			buildSettings = {
				ASSETCATALOG_COMPILER_APPICON_NAME = AppIcon;
				CODE_SIGN_STYLE = Automatic;
				CURRENT_PROJECT_VERSION = 1.0.15;
				DEVELOPMENT_ASSET_PATHS = "\"WeatherBoy/Preview Content\"";
				DEVELOPMENT_TEAM = 8L83CZ8839;
				ENABLE_PREVIEWS = YES;
				INFOPLIST_FILE = WeatherBoy/Info.plist;
				LD_RUNPATH_SEARCH_PATHS = (
					"$(inherited)",
					"@executable_path/Frameworks",
				);
				PRODUCT_BUNDLE_IDENTIFIER = "jerry-lai.WeatherBoy";
				PRODUCT_NAME = "$(TARGET_NAME)";
				SWIFT_VERSION = 5.0;
				TARGETED_DEVICE_FAMILY = 1;
			};
			name = Debug;
		};
		922570E825D997ED00367D6C /* Release */ = {
			isa = XCBuildConfiguration;
			baseConfigurationReference = 29D857F1F04422730F45BAD7 /* Pods-WeatherBoy.release.xcconfig */;
			buildSettings = {
				ASSETCATALOG_COMPILER_APPICON_NAME = AppIcon;
				CODE_SIGN_STYLE = Automatic;
				CURRENT_PROJECT_VERSION = 1.0.15;
				DEVELOPMENT_ASSET_PATHS = "\"WeatherBoy/Preview Content\"";
				DEVELOPMENT_TEAM = 8L83CZ8839;
				ENABLE_PREVIEWS = YES;
				INFOPLIST_FILE = WeatherBoy/Info.plist;
				LD_RUNPATH_SEARCH_PATHS = (
					"$(inherited)",
					"@executable_path/Frameworks",
				);
				PRODUCT_BUNDLE_IDENTIFIER = "jerry-lai.WeatherBoy";
				PRODUCT_NAME = "$(TARGET_NAME)";
				SWIFT_VERSION = 5.0;
				TARGETED_DEVICE_FAMILY = 1;
			};
			name = Release;
		};
/* End XCBuildConfiguration section */

/* Begin XCConfigurationList section */
		922570CD25D997EC00367D6C /* Build configuration list for PBXProject "WeatherBoy" */ = {
			isa = XCConfigurationList;
			buildConfigurations = (
				922570E425D997ED00367D6C /* Debug */,
				922570E525D997ED00367D6C /* Release */,
			);
			defaultConfigurationIsVisible = 0;
			defaultConfigurationName = Release;
		};
		922570E625D997ED00367D6C /* Build configuration list for PBXNativeTarget "WeatherBoy" */ = {
			isa = XCConfigurationList;
			buildConfigurations = (
				922570E725D997ED00367D6C /* Debug */,
				922570E825D997ED00367D6C /* Release */,
			);
			defaultConfigurationIsVisible = 0;
			defaultConfigurationName = Release;
		};
/* End XCConfigurationList section */
	};
	rootObject = 922570CA25D997EC00367D6C /* Project object */;
}
